// !$*UTF8*$!
{
	archiveVersion = 1;
	classes = {
	};
	objectVersion = 56;
	objects = {

/* Begin PBXBuildFile section */
		FFE5BA282A1F95B7002F6770 /* AppDelegate.swift in Sources */ = {isa = PBXBuildFile; fileRef = FFE5BA272A1F95B7002F6770 /* AppDelegate.swift */; };
		FFE5BA2A2A1F95B7002F6770 /* SceneDelegate.swift in Sources */ = {isa = PBXBuildFile; fileRef = FFE5BA292A1F95B7002F6770 /* SceneDelegate.swift */; };
		FFE5BA2C2A1F95B7002F6770 /* HomeViewController.swift in Sources */ = {isa = PBXBuildFile; fileRef = FFE5BA2B2A1F95B7002F6770 /* HomeViewController.swift */; };
		FFE5BA2F2A1F95B7002F6770 /* Main.storyboard in Resources */ = {isa = PBXBuildFile; fileRef = FFE5BA2D2A1F95B7002F6770 /* Main.storyboard */; };
		FFE5BA312A1F95B9002F6770 /* Assets.xcassets in Resources */ = {isa = PBXBuildFile; fileRef = FFE5BA302A1F95B9002F6770 /* Assets.xcassets */; };
		FFE5BA342A1F95B9002F6770 /* LaunchScreen.storyboard in Resources */ = {isa = PBXBuildFile; fileRef = FFE5BA322A1F95B9002F6770 /* LaunchScreen.storyboard */; };
		FFE5BA3C2A1F973A002F6770 /* MainTableViewCell.swift in Sources */ = {isa = PBXBuildFile; fileRef = FFE5BA3B2A1F973A002F6770 /* MainTableViewCell.swift */; };
		FFE5BA462A1FA441002F6770 /* HomeProtocols.swift in Sources */ = {isa = PBXBuildFile; fileRef = FFE5BA452A1FA441002F6770 /* HomeProtocols.swift */; };
/* End PBXBuildFile section */

/* Begin PBXFileReference section */
		FFE5BA242A1F95B7002F6770 /* Viper-Architecture-Example.app */ = {isa = PBXFileReference; explicitFileType = wrapper.application; includeInIndex = 0; path = "Viper-Architecture-Example.app"; sourceTree = BUILT_PRODUCTS_DIR; };
		FFE5BA272A1F95B7002F6770 /* AppDelegate.swift */ = {isa = PBXFileReference; lastKnownFileType = sourcecode.swift; path = AppDelegate.swift; sourceTree = "<group>"; };
		FFE5BA292A1F95B7002F6770 /* SceneDelegate.swift */ = {isa = PBXFileReference; lastKnownFileType = sourcecode.swift; path = SceneDelegate.swift; sourceTree = "<group>"; };
		FFE5BA2B2A1F95B7002F6770 /* HomeViewController.swift */ = {isa = PBXFileReference; lastKnownFileType = sourcecode.swift; path = HomeViewController.swift; sourceTree = "<group>"; };
		FFE5BA2E2A1F95B7002F6770 /* Base */ = {isa = PBXFileReference; lastKnownFileType = file.storyboard; name = Base; path = Base.lproj/Main.storyboard; sourceTree = "<group>"; };
		FFE5BA302A1F95B9002F6770 /* Assets.xcassets */ = {isa = PBXFileReference; lastKnownFileType = folder.assetcatalog; path = Assets.xcassets; sourceTree = "<group>"; };
		FFE5BA332A1F95B9002F6770 /* Base */ = {isa = PBXFileReference; lastKnownFileType = file.storyboard; name = Base; path = Base.lproj/LaunchScreen.storyboard; sourceTree = "<group>"; };
		FFE5BA352A1F95B9002F6770 /* Info.plist */ = {isa = PBXFileReference; lastKnownFileType = text.plist.xml; path = Info.plist; sourceTree = "<group>"; };
		FFE5BA3B2A1F973A002F6770 /* MainTableViewCell.swift */ = {isa = PBXFileReference; lastKnownFileType = sourcecode.swift; path = MainTableViewCell.swift; sourceTree = "<group>"; };
		FFE5BA452A1FA441002F6770 /* HomeProtocols.swift */ = {isa = PBXFileReference; lastKnownFileType = sourcecode.swift; path = HomeProtocols.swift; sourceTree = "<group>"; };
/* End PBXFileReference section */

/* Begin PBXFrameworksBuildPhase section */
		FFE5BA212A1F95B7002F6770 /* Frameworks */ = {
			isa = PBXFrameworksBuildPhase;
			buildActionMask = 2147483647;
			files = (
			);
			runOnlyForDeploymentPostprocessing = 0;
		};
/* End PBXFrameworksBuildPhase section */

/* Begin PBXGroup section */
		FFE5BA1B2A1F95B7002F6770 = {
			isa = PBXGroup;
			children = (
				FFE5BA262A1F95B7002F6770 /* Viper-Architecture-Example */,
				FFE5BA252A1F95B7002F6770 /* Products */,
			);
			sourceTree = "<group>";
		};
		FFE5BA252A1F95B7002F6770 /* Products */ = {
			isa = PBXGroup;
			children = (
				FFE5BA242A1F95B7002F6770 /* Viper-Architecture-Example.app */,
			);
			name = Products;
			sourceTree = "<group>";
		};
		FFE5BA262A1F95B7002F6770 /* Viper-Architecture-Example */ = {
			isa = PBXGroup;
			children = (
				FFE5BA482A1FA5F8002F6770 /* Data */,
				FFE5BA3F2A1FA2E5002F6770 /* HomeModule */,
				FFE5BA3E2A1FA2C7002F6770 /* Storyboards */,
				FFE5BA3D2A1FA298002F6770 /* App */,
				FFE5BA302A1F95B9002F6770 /* Assets.xcassets */,
				FFE5BA352A1F95B9002F6770 /* Info.plist */,
			);
			path = "Viper-Architecture-Example";
			sourceTree = "<group>";
		};
		FFE5BA3D2A1FA298002F6770 /* App */ = {
			isa = PBXGroup;
			children = (
				FFE5BA292A1F95B7002F6770 /* SceneDelegate.swift */,
				FFE5BA272A1F95B7002F6770 /* AppDelegate.swift */,
			);
			path = App;
			sourceTree = "<group>";
		};
		FFE5BA3E2A1FA2C7002F6770 /* Storyboards */ = {
			isa = PBXGroup;
			children = (
				FFE5BA322A1F95B9002F6770 /* LaunchScreen.storyboard */,
				FFE5BA2D2A1F95B7002F6770 /* Main.storyboard */,
			);
			path = Storyboards;
			sourceTree = "<group>";
		};
		FFE5BA3F2A1FA2E5002F6770 /* HomeModule */ = {
			isa = PBXGroup;
			children = (
				FFE5BA442A1FA37C002F6770 /* Presenter */,
				FFE5BA432A1FA33A002F6770 /* Interactor */,
				FFE5BA422A1FA32E002F6770 /* Protocols */,
				FFE5BA412A1FA326002F6770 /* Router */,
				FFE5BA402A1FA31F002F6770 /* View */,
			);
			path = HomeModule;
			sourceTree = "<group>";
		};
		FFE5BA402A1FA31F002F6770 /* View */ = {
			isa = PBXGroup;
			children = (
				FFE5BA2B2A1F95B7002F6770 /* HomeViewController.swift */,
				FFE5BA3B2A1F973A002F6770 /* MainTableViewCell.swift */,
			);
			path = View;
			sourceTree = "<group>";
		};
		FFE5BA412A1FA326002F6770 /* Router */ = {
			isa = PBXGroup;
			children = (
			);
			path = Router;
			sourceTree = "<group>";
		};
		FFE5BA422A1FA32E002F6770 /* Protocols */ = {
			isa = PBXGroup;
			children = (
				FFE5BA452A1FA441002F6770 /* HomeProtocols.swift */,
			);
			path = Protocols;
			sourceTree = "<group>";
		};
		FFE5BA432A1FA33A002F6770 /* Interactor */ = {
			isa = PBXGroup;
			children = (
			);
			path = Interactor;
			sourceTree = "<group>";
		};
		FFE5BA442A1FA37C002F6770 /* Presenter */ = {
			isa = PBXGroup;
			children = (
			);
			path = Presenter;
			sourceTree = "<group>";
		};
		FFE5BA472A1FA5E4002F6770 /* Entity */ = {
			isa = PBXGroup;
			children = (
			);
			path = Entity;
			sourceTree = "<group>";
		};
		FFE5BA482A1FA5F8002F6770 /* Data */ = {
			isa = PBXGroup;
			children = (
				FFE5BA492A1FA607002F6770 /* Api */,
				FFE5BA472A1FA5E4002F6770 /* Entity */,
			);
			path = Data;
			sourceTree = "<group>";
		};
		FFE5BA492A1FA607002F6770 /* Api */ = {
			isa = PBXGroup;
			children = (
			);
			path = Api;
			sourceTree = "<group>";
		};
/* End PBXGroup section */

/* Begin PBXNativeTarget section */
		FFE5BA232A1F95B7002F6770 /* Viper-Architecture-Example */ = {
			isa = PBXNativeTarget;
			buildConfigurationList = FFE5BA382A1F95B9002F6770 /* Build configuration list for PBXNativeTarget "Viper-Architecture-Example" */;
			buildPhases = (
				FFE5BA202A1F95B7002F6770 /* Sources */,
				FFE5BA212A1F95B7002F6770 /* Frameworks */,
				FFE5BA222A1F95B7002F6770 /* Resources */,
			);
			buildRules = (
			);
			dependencies = (
			);
			name = "Viper-Architecture-Example";
			productName = "Viper-Architecture-Example";
			productReference = FFE5BA242A1F95B7002F6770 /* Viper-Architecture-Example.app */;
			productType = "com.apple.product-type.application";
		};
/* End PBXNativeTarget section */

/* Begin PBXProject section */
		FFE5BA1C2A1F95B7002F6770 /* Project object */ = {
			isa = PBXProject;
			attributes = {
				BuildIndependentTargetsInParallel = 1;
				LastSwiftUpdateCheck = 1410;
				LastUpgradeCheck = 1410;
				TargetAttributes = {
					FFE5BA232A1F95B7002F6770 = {
						CreatedOnToolsVersion = 14.1;
					};
				};
			};
			buildConfigurationList = FFE5BA1F2A1F95B7002F6770 /* Build configuration list for PBXProject "Viper-Architecture-Example" */;
			compatibilityVersion = "Xcode 14.0";
			developmentRegion = en;
			hasScannedForEncodings = 0;
			knownRegions = (
				en,
				Base,
			);
			mainGroup = FFE5BA1B2A1F95B7002F6770;
			productRefGroup = FFE5BA252A1F95B7002F6770 /* Products */;
			projectDirPath = "";
			projectRoot = "";
			targets = (
				FFE5BA232A1F95B7002F6770 /* Viper-Architecture-Example */,
			);
		};
/* End PBXProject section */

/* Begin PBXResourcesBuildPhase section */
		FFE5BA222A1F95B7002F6770 /* Resources */ = {
			isa = PBXResourcesBuildPhase;
			buildActionMask = 2147483647;
			files = (
				FFE5BA342A1F95B9002F6770 /* LaunchScreen.storyboard in Resources */,
				FFE5BA312A1F95B9002F6770 /* Assets.xcassets in Resources */,
				FFE5BA2F2A1F95B7002F6770 /* Main.storyboard in Resources */,
			);
			runOnlyForDeploymentPostprocessing = 0;
		};
/* End PBXResourcesBuildPhase section */

/* Begin PBXSourcesBuildPhase section */
		FFE5BA202A1F95B7002F6770 /* Sources */ = {
			isa = PBXSourcesBuildPhase;
			buildActionMask = 2147483647;
			files = (
				FFE5BA2C2A1F95B7002F6770 /* HomeViewController.swift in Sources */,
				FFE5BA462A1FA441002F6770 /* HomeProtocols.swift in Sources */,
				FFE5BA282A1F95B7002F6770 /* AppDelegate.swift in Sources */,
				FFE5BA3C2A1F973A002F6770 /* MainTableViewCell.swift in Sources */,
				FFE5BA2A2A1F95B7002F6770 /* SceneDelegate.swift in Sources */,
			);
			runOnlyForDeploymentPostprocessing = 0;
		};
/* End PBXSourcesBuildPhase section */

/* Begin PBXVariantGroup section */
		FFE5BA2D2A1F95B7002F6770 /* Main.storyboard */ = {
			isa = PBXVariantGroup;
			children = (
				FFE5BA2E2A1F95B7002F6770 /* Base */,
			);
			name = Main.storyboard;
			sourceTree = "<group>";
		};
		FFE5BA322A1F95B9002F6770 /* LaunchScreen.storyboard */ = {
			isa = PBXVariantGroup;
			children = (
				FFE5BA332A1F95B9002F6770 /* Base */,
			);
			name = LaunchScreen.storyboard;
			sourceTree = "<group>";
		};
/* End PBXVariantGroup section */

/* Begin XCBuildConfiguration section */
		FFE5BA362A1F95B9002F6770 /* Debug */ = {
			isa = XCBuildConfiguration;
			buildSettings = {
				ALWAYS_SEARCH_USER_PATHS = NO;
				CLANG_ANALYZER_NONNULL = YES;
				CLANG_ANALYZER_NUMBER_OBJECT_CONVERSION = YES_AGGRESSIVE;
				CLANG_CXX_LANGUAGE_STANDARD = "gnu++20";
				CLANG_ENABLE_MODULES = YES;
				CLANG_ENABLE_OBJC_ARC = YES;
				CLANG_ENABLE_OBJC_WEAK = YES;
				CLANG_WARN_BLOCK_CAPTURE_AUTORELEASING = YES;
				CLANG_WARN_BOOL_CONVERSION = YES;
				CLANG_WARN_COMMA = YES;
				CLANG_WARN_CONSTANT_CONVERSION = YES;
				CLANG_WARN_DEPRECATED_OBJC_IMPLEMENTATIONS = YES;
				CLANG_WARN_DIRECT_OBJC_ISA_USAGE = YES_ERROR;
				CLANG_WARN_DOCUMENTATION_COMMENTS = YES;
				CLANG_WARN_EMPTY_BODY = YES;
				CLANG_WARN_ENUM_CONVERSION = YES;
				CLANG_WARN_INFINITE_RECURSION = YES;
				CLANG_WARN_INT_CONVERSION = YES;
				CLANG_WARN_NON_LITERAL_NULL_CONVERSION = YES;
				CLANG_WARN_OBJC_IMPLICIT_RETAIN_SELF = YES;
				CLANG_WARN_OBJC_LITERAL_CONVERSION = YES;
				CLANG_WARN_OBJC_ROOT_CLASS = YES_ERROR;
				CLANG_WARN_QUOTED_INCLUDE_IN_FRAMEWORK_HEADER = YES;
				CLANG_WARN_RANGE_LOOP_ANALYSIS = YES;
				CLANG_WARN_STRICT_PROTOTYPES = YES;
				CLANG_WARN_SUSPICIOUS_MOVE = YES;
				CLANG_WARN_UNGUARDED_AVAILABILITY = YES_AGGRESSIVE;
				CLANG_WARN_UNREACHABLE_CODE = YES;
				CLANG_WARN__DUPLICATE_METHOD_MATCH = YES;
				COPY_PHASE_STRIP = NO;
				DEBUG_INFORMATION_FORMAT = dwarf;
				ENABLE_STRICT_OBJC_MSGSEND = YES;
				ENABLE_TESTABILITY = YES;
				GCC_C_LANGUAGE_STANDARD = gnu11;
				GCC_DYNAMIC_NO_PIC = NO;
				GCC_NO_COMMON_BLOCKS = YES;
				GCC_OPTIMIZATION_LEVEL = 0;
				GCC_PREPROCESSOR_DEFINITIONS = (
					"DEBUG=1",
					"$(inherited)",
				);
				GCC_WARN_64_TO_32_BIT_CONVERSION = YES;
				GCC_WARN_ABOUT_RETURN_TYPE = YES_ERROR;
				GCC_WARN_UNDECLARED_SELECTOR = YES;
				GCC_WARN_UNINITIALIZED_AUTOS = YES_AGGRESSIVE;
				GCC_WARN_UNUSED_FUNCTION = YES;
				GCC_WARN_UNUSED_VARIABLE = YES;
				IPHONEOS_DEPLOYMENT_TARGET = 16.1;
				MTL_ENABLE_DEBUG_INFO = INCLUDE_SOURCE;
				MTL_FAST_MATH = YES;
				ONLY_ACTIVE_ARCH = YES;
				SDKROOT = iphoneos;
				SWIFT_ACTIVE_COMPILATION_CONDITIONS = DEBUG;
				SWIFT_OPTIMIZATION_LEVEL = "-Onone";
			};
			name = Debug;
		};
		FFE5BA372A1F95B9002F6770 /* Release */ = {
			isa = XCBuildConfiguration;
			buildSettings = {
				ALWAYS_SEARCH_USER_PATHS = NO;
				CLANG_ANALYZER_NONNULL = YES;
				CLANG_ANALYZER_NUMBER_OBJECT_CONVERSION = YES_AGGRESSIVE;
				CLANG_CXX_LANGUAGE_STANDARD = "gnu++20";
				CLANG_ENABLE_MODULES = YES;
				CLANG_ENABLE_OBJC_ARC = YES;
				CLANG_ENABLE_OBJC_WEAK = YES;
				CLANG_WARN_BLOCK_CAPTURE_AUTORELEASING = YES;
				CLANG_WARN_BOOL_CONVERSION = YES;
				CLANG_WARN_COMMA = YES;
				CLANG_WARN_CONSTANT_CONVERSION = YES;
				CLANG_WARN_DEPRECATED_OBJC_IMPLEMENTATIONS = YES;
				CLANG_WARN_DIRECT_OBJC_ISA_USAGE = YES_ERROR;
				CLANG_WARN_DOCUMENTATION_COMMENTS = YES;
				CLANG_WARN_EMPTY_BODY = YES;
				CLANG_WARN_ENUM_CONVERSION = YES;
				CLANG_WARN_INFINITE_RECURSION = YES;
				CLANG_WARN_INT_CONVERSION = YES;
				CLANG_WARN_NON_LITERAL_NULL_CONVERSION = YES;
				CLANG_WARN_OBJC_IMPLICIT_RETAIN_SELF = YES;
				CLANG_WARN_OBJC_LITERAL_CONVERSION = YES;
				CLANG_WARN_OBJC_ROOT_CLASS = YES_ERROR;
				CLANG_WARN_QUOTED_INCLUDE_IN_FRAMEWORK_HEADER = YES;
				CLANG_WARN_RANGE_LOOP_ANALYSIS = YES;
				CLANG_WARN_STRICT_PROTOTYPES = YES;
				CLANG_WARN_SUSPICIOUS_MOVE = YES;
				CLANG_WARN_UNGUARDED_AVAILABILITY = YES_AGGRESSIVE;
				CLANG_WARN_UNREACHABLE_CODE = YES;
				CLANG_WARN__DUPLICATE_METHOD_MATCH = YES;
				COPY_PHASE_STRIP = NO;
				DEBUG_INFORMATION_FORMAT = "dwarf-with-dsym";
				ENABLE_NS_ASSERTIONS = NO;
				ENABLE_STRICT_OBJC_MSGSEND = YES;
				GCC_C_LANGUAGE_STANDARD = gnu11;
				GCC_NO_COMMON_BLOCKS = YES;
				GCC_WARN_64_TO_32_BIT_CONVERSION = YES;
				GCC_WARN_ABOUT_RETURN_TYPE = YES_ERROR;
				GCC_WARN_UNDECLARED_SELECTOR = YES;
				GCC_WARN_UNINITIALIZED_AUTOS = YES_AGGRESSIVE;
				GCC_WARN_UNUSED_FUNCTION = YES;
				GCC_WARN_UNUSED_VARIABLE = YES;
				IPHONEOS_DEPLOYMENT_TARGET = 16.1;
				MTL_ENABLE_DEBUG_INFO = NO;
				MTL_FAST_MATH = YES;
				SDKROOT = iphoneos;
				SWIFT_COMPILATION_MODE = wholemodule;
				SWIFT_OPTIMIZATION_LEVEL = "-O";
				VALIDATE_PRODUCT = YES;
			};
			name = Release;
		};
		FFE5BA392A1F95B9002F6770 /* Debug */ = {
			isa = XCBuildConfiguration;
			buildSettings = {
				ASSETCATALOG_COMPILER_APPICON_NAME = AppIcon;
				ASSETCATALOG_COMPILER_GLOBAL_ACCENT_COLOR_NAME = AccentColor;
				CODE_SIGN_STYLE = Automatic;
				CURRENT_PROJECT_VERSION = 1;
				DEVELOPMENT_TEAM = 7DKZH9VMX9;
				GENERATE_INFOPLIST_FILE = YES;
				INFOPLIST_FILE = "Viper-Architecture-Example/Info.plist";
				INFOPLIST_KEY_UIApplicationSupportsIndirectInputEvents = YES;
				INFOPLIST_KEY_UILaunchStoryboardName = LaunchScreen;
				INFOPLIST_KEY_UIMainStoryboardFile = Main;
				INFOPLIST_KEY_UISupportedInterfaceOrientations_iPad = "UIInterfaceOrientationPortrait UIInterfaceOrientationPortraitUpsideDown UIInterfaceOrientationLandscapeLeft UIInterfaceOrientationLandscapeRight";
				INFOPLIST_KEY_UISupportedInterfaceOrientations_iPhone = "UIInterfaceOrientationPortrait UIInterfaceOrientationLandscapeLeft UIInterfaceOrientationLandscapeRight";
				LD_RUNPATH_SEARCH_PATHS = (
					"$(inherited)",
					"@executable_path/Frameworks",
				);
				MARKETING_VERSION = 1.0;
				PRODUCT_BUNDLE_IDENTIFIER = "com.batuhan.Viper-Architecture-Example";
				PRODUCT_NAME = "$(TARGET_NAME)";
				SWIFT_EMIT_LOC_STRINGS = YES;
				SWIFT_VERSION = 5.0;
				TARGETED_DEVICE_FAMILY = "1,2";
			};
			name = Debug;
		};
		FFE5BA3A2A1F95B9002F6770 /* Release */ = {
			isa = XCBuildConfiguration;
			buildSettings = {
				ASSETCATALOG_COMPILER_APPICON_NAME = AppIcon;
				ASSETCATALOG_COMPILER_GLOBAL_ACCENT_COLOR_NAME = AccentColor;
				CODE_SIGN_STYLE = Automatic;
				CURRENT_PROJECT_VERSION = 1;
				DEVELOPMENT_TEAM = 7DKZH9VMX9;
				GENERATE_INFOPLIST_FILE = YES;
				INFOPLIST_FILE = "Viper-Architecture-Example/Info.plist";
				INFOPLIST_KEY_UIApplicationSupportsIndirectInputEvents = YES;
				INFOPLIST_KEY_UILaunchStoryboardName = LaunchScreen;
				INFOPLIST_KEY_UIMainStoryboardFile = Main;
				INFOPLIST_KEY_UISupportedInterfaceOrientations_iPad = "UIInterfaceOrientationPortrait UIInterfaceOrientationPortraitUpsideDown UIInterfaceOrientationLandscapeLeft UIInterfaceOrientationLandscapeRight";
				INFOPLIST_KEY_UISupportedInterfaceOrientations_iPhone = "UIInterfaceOrientationPortrait UIInterfaceOrientationLandscapeLeft UIInterfaceOrientationLandscapeRight";
				LD_RUNPATH_SEARCH_PATHS = (
					"$(inherited)",
					"@executable_path/Frameworks",
				);
				MARKETING_VERSION = 1.0;
				PRODUCT_BUNDLE_IDENTIFIER = "com.batuhan.Viper-Architecture-Example";
				PRODUCT_NAME = "$(TARGET_NAME)";
				SWIFT_EMIT_LOC_STRINGS = YES;
				SWIFT_VERSION = 5.0;
				TARGETED_DEVICE_FAMILY = "1,2";
			};
			name = Release;
		};
/* End XCBuildConfiguration section */

/* Begin XCConfigurationList section */
		FFE5BA1F2A1F95B7002F6770 /* Build configuration list for PBXProject "Viper-Architecture-Example" */ = {
			isa = XCConfigurationList;
			buildConfigurations = (
				FFE5BA362A1F95B9002F6770 /* Debug */,
				FFE5BA372A1F95B9002F6770 /* Release */,
			);
			defaultConfigurationIsVisible = 0;
			defaultConfigurationName = Release;
		};
		FFE5BA382A1F95B9002F6770 /* Build configuration list for PBXNativeTarget "Viper-Architecture-Example" */ = {
			isa = XCConfigurationList;
			buildConfigurations = (
				FFE5BA392A1F95B9002F6770 /* Debug */,
				FFE5BA3A2A1F95B9002F6770 /* Release */,
			);
			defaultConfigurationIsVisible = 0;
			defaultConfigurationName = Release;
		};
/* End XCConfigurationList section */
	};
	rootObject = FFE5BA1C2A1F95B7002F6770 /* Project object */;
}
